// !$*UTF8*$!
{
	archiveVersion = 1;
	classes = {
	};
	objectVersion = 46;
	objects = {

/* Begin PBXBuildFile section */
		362BBC231BC9587F0083570D /* main.c in Sources */ = {isa = PBXBuildFile; fileRef = 362BBC221BC9587F0083570D /* main.c */; };
		36EFAF621BC961E90007E044 /* httpserver.c in Sources */ = {isa = PBXBuildFile; fileRef = 36EFAF601BC961E90007E044 /* httpserver.c */; settings = {ASSET_TAGS = (); }; };
		36EFAF681BC97E6A0007E044 /* httprequest_parser.c in Sources */ = {isa = PBXBuildFile; fileRef = 36EFAF661BC97E6A0007E044 /* httprequest_parser.c */; settings = {ASSET_TAGS = (); }; };
		36EFAF6B1BC9E9C70007E044 /* httprequest_header_parser.c in Sources */ = {isa = PBXBuildFile; fileRef = 36EFAF691BC9E9C70007E044 /* httprequest_header_parser.c */; settings = {ASSET_TAGS = (); }; };
		36EFAF6E1BC9EDD40007E044 /* httprequest_header_pair.c in Sources */ = {isa = PBXBuildFile; fileRef = 36EFAF6C1BC9EDD40007E044 /* httprequest_header_pair.c */; settings = {ASSET_TAGS = (); }; };
		36EFAF711BC9EE010007E044 /* httprequest_header_pair_collection.c in Sources */ = {isa = PBXBuildFile; fileRef = 36EFAF6F1BC9EE010007E044 /* httprequest_header_pair_collection.c */; settings = {ASSET_TAGS = (); }; };
		36EFAF771BCA104E0007E044 /* httprequest.c in Sources */ = {isa = PBXBuildFile; fileRef = 36EFAF751BCA104E0007E044 /* httprequest.c */; settings = {ASSET_TAGS = (); }; };
/* End PBXBuildFile section */

/* Begin PBXCopyFilesBuildPhase section */
		362BBC1D1BC9587F0083570D /* CopyFiles */ = {
			isa = PBXCopyFilesBuildPhase;
			buildActionMask = 2147483647;
			dstPath = /usr/share/man/man1/;
			dstSubfolderSpec = 0;
			files = (
			);
			runOnlyForDeploymentPostprocessing = 1;
		};
/* End PBXCopyFilesBuildPhase section */

/* Begin PBXFileReference section */
		362BBC1F1BC9587F0083570D /* simple-http-server */ = {isa = PBXFileReference; explicitFileType = "compiled.mach-o.executable"; includeInIndex = 0; path = "simple-http-server"; sourceTree = BUILT_PRODUCTS_DIR; };
		362BBC221BC9587F0083570D /* main.c */ = {isa = PBXFileReference; lastKnownFileType = sourcecode.c.c; path = main.c; sourceTree = "<group>"; };
		36EFAF601BC961E90007E044 /* httpserver.c */ = {isa = PBXFileReference; fileEncoding = 4; lastKnownFileType = sourcecode.c.c; path = httpserver.c; sourceTree = "<group>"; };
		36EFAF611BC961E90007E044 /* httpserver.h */ = {isa = PBXFileReference; fileEncoding = 4; lastKnownFileType = sourcecode.c.h; path = httpserver.h; sourceTree = "<group>"; };
		36EFAF661BC97E6A0007E044 /* httprequest_parser.c */ = {isa = PBXFileReference; fileEncoding = 4; lastKnownFileType = sourcecode.c.c; path = httprequest_parser.c; sourceTree = "<group>"; };
		36EFAF671BC97E6A0007E044 /* httprequest_parser.h */ = {isa = PBXFileReference; fileEncoding = 4; lastKnownFileType = sourcecode.c.h; path = httprequest_parser.h; sourceTree = "<group>"; };
		36EFAF691BC9E9C70007E044 /* httprequest_header_parser.c */ = {isa = PBXFileReference; fileEncoding = 4; lastKnownFileType = sourcecode.c.c; path = httprequest_header_parser.c; sourceTree = "<group>"; };
		36EFAF6A1BC9E9C70007E044 /* httprequest_header_parser.h */ = {isa = PBXFileReference; fileEncoding = 4; lastKnownFileType = sourcecode.c.h; path = httprequest_header_parser.h; sourceTree = "<group>"; };
		36EFAF6C1BC9EDD40007E044 /* httprequest_header_pair.c */ = {isa = PBXFileReference; fileEncoding = 4; lastKnownFileType = sourcecode.c.c; path = httprequest_header_pair.c; sourceTree = "<group>"; };
		36EFAF6D1BC9EDD40007E044 /* httprequest_header_pair.h */ = {isa = PBXFileReference; fileEncoding = 4; lastKnownFileType = sourcecode.c.h; path = httprequest_header_pair.h; sourceTree = "<group>"; };
		36EFAF6F1BC9EE010007E044 /* httprequest_header_pair_collection.c */ = {isa = PBXFileReference; fileEncoding = 4; lastKnownFileType = sourcecode.c.c; path = httprequest_header_pair_collection.c; sourceTree = "<group>"; };
		36EFAF701BC9EE010007E044 /* httprequest_header_pair_collection.h */ = {isa = PBXFileReference; fileEncoding = 4; lastKnownFileType = sourcecode.c.h; path = httprequest_header_pair_collection.h; sourceTree = "<group>"; };
		36EFAF751BCA104E0007E044 /* httprequest.c */ = {isa = PBXFileReference; fileEncoding = 4; lastKnownFileType = sourcecode.c.c; path = httprequest.c; sourceTree = "<group>"; };
		36EFAF761BCA104E0007E044 /* httprequest.h */ = {isa = PBXFileReference; fileEncoding = 4; lastKnownFileType = sourcecode.c.h; path = httprequest.h; sourceTree = "<group>"; };
/* End PBXFileReference section */

/* Begin PBXFrameworksBuildPhase section */
		362BBC1C1BC9587F0083570D /* Frameworks */ = {
			isa = PBXFrameworksBuildPhase;
			buildActionMask = 2147483647;
			files = (
			);
			runOnlyForDeploymentPostprocessing = 0;
		};
/* End PBXFrameworksBuildPhase section */

/* Begin PBXGroup section */
		362BBC161BC9587E0083570D = {
			isa = PBXGroup;
			children = (
				362BBC211BC9587F0083570D /* simple-http-server */,
				362BBC201BC9587F0083570D /* Products */,
			);
			sourceTree = "<group>";
		};
		362BBC201BC9587F0083570D /* Products */ = {
			isa = PBXGroup;
			children = (
				362BBC1F1BC9587F0083570D /* simple-http-server */,
			);
			name = Products;
			sourceTree = "<group>";
		};
		362BBC211BC9587F0083570D /* simple-http-server */ = {
			isa = PBXGroup;
			children = (
				362BBC221BC9587F0083570D /* main.c */,
				36EFAF601BC961E90007E044 /* httpserver.c */,
				36EFAF611BC961E90007E044 /* httpserver.h */,
				36EFAF751BCA104E0007E044 /* httprequest.c */,
				36EFAF761BCA104E0007E044 /* httprequest.h */,
				36EFAF661BC97E6A0007E044 /* httprequest_parser.c */,
				36EFAF671BC97E6A0007E044 /* httprequest_parser.h */,
				36EFAF691BC9E9C70007E044 /* httprequest_header_parser.c */,
				36EFAF6A1BC9E9C70007E044 /* httprequest_header_parser.h */,
				36EFAF6C1BC9EDD40007E044 /* httprequest_header_pair.c */,
				36EFAF6D1BC9EDD40007E044 /* httprequest_header_pair.h */,
				36EFAF6F1BC9EE010007E044 /* httprequest_header_pair_collection.c */,
				36EFAF701BC9EE010007E044 /* httprequest_header_pair_collection.h */,
			);
			path = "simple-http-server";
			sourceTree = "<group>";
		};
/* End PBXGroup section */

/* Begin PBXNativeTarget section */
		362BBC1E1BC9587F0083570D /* simple-http-server */ = {
			isa = PBXNativeTarget;
			buildConfigurationList = 362BBC261BC9587F0083570D /* Build configuration list for PBXNativeTarget "simple-http-server" */;
			buildPhases = (
				362BBC1B1BC9587F0083570D /* Sources */,
				362BBC1C1BC9587F0083570D /* Frameworks */,
				362BBC1D1BC9587F0083570D /* CopyFiles */,
			);
			buildRules = (
			);
			dependencies = (
			);
			name = "simple-http-server";
			productName = "simple-http-server";
			productReference = 362BBC1F1BC9587F0083570D /* simple-http-server */;
			productType = "com.apple.product-type.tool";
		};
/* End PBXNativeTarget section */

/* Begin PBXProject section */
		362BBC171BC9587E0083570D /* Project object */ = {
			isa = PBXProject;
			attributes = {
				LastUpgradeCheck = 0700;
				ORGANIZATIONNAME = ljh;
				TargetAttributes = {
					362BBC1E1BC9587F0083570D = {
						CreatedOnToolsVersion = 7.0.1;
					};
				};
			};
			buildConfigurationList = 362BBC1A1BC9587F0083570D /* Build configuration list for PBXProject "simple-http-server" */;
			compatibilityVersion = "Xcode 3.2";
			developmentRegion = English;
			hasScannedForEncodings = 0;
			knownRegions = (
				en,
			);
			mainGroup = 362BBC161BC9587E0083570D;
			productRefGroup = 362BBC201BC9587F0083570D /* Products */;
			projectDirPath = "";
			projectRoot = "";
			targets = (
				362BBC1E1BC9587F0083570D /* simple-http-server */,
			);
		};
/* End PBXProject section */

/* Begin PBXSourcesBuildPhase section */
		362BBC1B1BC9587F0083570D /* Sources */ = {
			isa = PBXSourcesBuildPhase;
			buildActionMask = 2147483647;
			files = (
				36EFAF681BC97E6A0007E044 /* httprequest_parser.c in Sources */,
				36EFAF6B1BC9E9C70007E044 /* httprequest_header_parser.c in Sources */,
				36EFAF6E1BC9EDD40007E044 /* httprequest_header_pair.c in Sources */,
				36EFAF621BC961E90007E044 /* httpserver.c in Sources */,
				36EFAF771BCA104E0007E044 /* httprequest.c in Sources */,
				36EFAF711BC9EE010007E044 /* httprequest_header_pair_collection.c in Sources */,
				362BBC231BC9587F0083570D /* main.c in Sources */,
			);
			runOnlyForDeploymentPostprocessing = 0;
		};
/* End PBXSourcesBuildPhase section */

/* Begin XCBuildConfiguration section */
		362BBC241BC9587F0083570D /* Debug */ = {
			isa = XCBuildConfiguration;
			buildSettings = {
				ALWAYS_SEARCH_USER_PATHS = NO;
				CLANG_CXX_LANGUAGE_STANDARD = "gnu++0x";
				CLANG_CXX_LIBRARY = "libc++";
				CLANG_ENABLE_MODULES = YES;
				CLANG_ENABLE_OBJC_ARC = YES;
				CLANG_WARN_BOOL_CONVERSION = YES;
				CLANG_WARN_CONSTANT_CONVERSION = YES;
				CLANG_WARN_DIRECT_OBJC_ISA_USAGE = YES_ERROR;
				CLANG_WARN_EMPTY_BODY = YES;
				CLANG_WARN_ENUM_CONVERSION = YES;
				CLANG_WARN_INT_CONVERSION = YES;
				CLANG_WARN_OBJC_ROOT_CLASS = YES_ERROR;
				CLANG_WARN_UNREACHABLE_CODE = YES;
				CLANG_WARN__DUPLICATE_METHOD_MATCH = YES;
				COPY_PHASE_STRIP = NO;
				DEBUG_INFORMATION_FORMAT = dwarf;
				ENABLE_STRICT_OBJC_MSGSEND = YES;
				ENABLE_TESTABILITY = YES;
				GCC_C_LANGUAGE_STANDARD = gnu99;
				GCC_DYNAMIC_NO_PIC = NO;
				GCC_NO_COMMON_BLOCKS = YES;
				GCC_OPTIMIZATION_LEVEL = 0;
				GCC_PREPROCESSOR_DEFINITIONS = (
					"DEBUG=1",
					"$(inherited)",
				);
				GCC_WARN_64_TO_32_BIT_CONVERSION = YES;
				GCC_WARN_ABOUT_RETURN_TYPE = YES_ERROR;
				GCC_WARN_UNDECLARED_SELECTOR = YES;
				GCC_WARN_UNINITIALIZED_AUTOS = YES_AGGRESSIVE;
				GCC_WARN_UNUSED_FUNCTION = YES;
				GCC_WARN_UNUSED_VARIABLE = YES;
				MACOSX_DEPLOYMENT_TARGET = 10.11;
				MTL_ENABLE_DEBUG_INFO = YES;
				ONLY_ACTIVE_ARCH = YES;
				SDKROOT = macosx;
			};
			name = Debug;
		};
		362BBC251BC9587F0083570D /* Release */ = {
			isa = XCBuildConfiguration;
			buildSettings = {
				ALWAYS_SEARCH_USER_PATHS = NO;
				CLANG_CXX_LANGUAGE_STANDARD = "gnu++0x";
				CLANG_CXX_LIBRARY = "libc++";
				CLANG_ENABLE_MODULES = YES;
				CLANG_ENABLE_OBJC_ARC = YES;
				CLANG_WARN_BOOL_CONVERSION = YES;
				CLANG_WARN_CONSTANT_CONVERSION = YES;
				CLANG_WARN_DIRECT_OBJC_ISA_USAGE = YES_ERROR;
				CLANG_WARN_EMPTY_BODY = YES;
				CLANG_WARN_ENUM_CONVERSION = YES;
				CLANG_WARN_INT_CONVERSION = YES;
				CLANG_WARN_OBJC_ROOT_CLASS = YES_ERROR;
				CLANG_WARN_UNREACHABLE_CODE = YES;
				CLANG_WARN__DUPLICATE_METHOD_MATCH = YES;
				COPY_PHASE_STRIP = NO;
				DEBUG_INFORMATION_FORMAT = "dwarf-with-dsym";
				ENABLE_NS_ASSERTIONS = NO;
				ENABLE_STRICT_OBJC_MSGSEND = YES;
				GCC_C_LANGUAGE_STANDARD = gnu99;
				GCC_NO_COMMON_BLOCKS = YES;
				GCC_WARN_64_TO_32_BIT_CONVERSION = YES;
				GCC_WARN_ABOUT_RETURN_TYPE = YES_ERROR;
				GCC_WARN_UNDECLARED_SELECTOR = YES;
				GCC_WARN_UNINITIALIZED_AUTOS = YES_AGGRESSIVE;
				GCC_WARN_UNUSED_FUNCTION = YES;
				GCC_WARN_UNUSED_VARIABLE = YES;
				MACOSX_DEPLOYMENT_TARGET = 10.11;
				MTL_ENABLE_DEBUG_INFO = NO;
				SDKROOT = macosx;
			};
			name = Release;
		};
		362BBC271BC9587F0083570D /* Debug */ = {
			isa = XCBuildConfiguration;
			buildSettings = {
				HEADER_SEARCH_PATHS = /usr/local/Cellar/libuv/1.7.4/include;
				OTHER_LDFLAGS = (
					"-luv",
					"-L/usr/local/Cellar/libuv/1.7.4/lib",
				);
				PRODUCT_NAME = "$(TARGET_NAME)";
			};
			name = Debug;
		};
		362BBC281BC9587F0083570D /* Release */ = {
			isa = XCBuildConfiguration;
			buildSettings = {
				HEADER_SEARCH_PATHS = /usr/local/Cellar/libuv/1.7.4/include;
				OTHER_LDFLAGS = (
					"-luv",
					"-L/usr/local/Cellar/libuv/1.7.4/lib",
				);
				PRODUCT_NAME = "$(TARGET_NAME)";
			};
			name = Release;
		};
/* End XCBuildConfiguration section */

/* Begin XCConfigurationList section */
		362BBC1A1BC9587F0083570D /* Build configuration list for PBXProject "simple-http-server" */ = {
			isa = XCConfigurationList;
			buildConfigurations = (
				362BBC241BC9587F0083570D /* Debug */,
				362BBC251BC9587F0083570D /* Release */,
			);
			defaultConfigurationIsVisible = 0;
			defaultConfigurationName = Release;
		};
		362BBC261BC9587F0083570D /* Build configuration list for PBXNativeTarget "simple-http-server" */ = {
			isa = XCConfigurationList;
			buildConfigurations = (
				362BBC271BC9587F0083570D /* Debug */,
				362BBC281BC9587F0083570D /* Release */,
			);
			defaultConfigurationIsVisible = 0;
			defaultConfigurationName = Release;
		};
/* End XCConfigurationList section */
	};
	rootObject = 362BBC171BC9587E0083570D /* Project object */;
}
